// !$*UTF8*$!
{
	archiveVersion = 1;
	classes = {
	};
	objectVersion = 50;
	objects = {

/* Begin PBXBuildFile section */
		9812DE4725C5CB9100744D2E /* BalanceCell.swift in Sources */ = {isa = PBXBuildFile; fileRef = 9812DE4625C5CB9100744D2E /* BalanceCell.swift */; };
		985C43D825C7291900A43C69 /* StockController.swift in Sources */ = {isa = PBXBuildFile; fileRef = 985C43D725C7291900A43C69 /* StockController.swift */; };
		98B47A5125C5863C005708D6 /* StockCell.swift in Sources */ = {isa = PBXBuildFile; fileRef = 98B47A5025C5863C005708D6 /* StockCell.swift */; };
		98D7A33A25C46A4200577A39 /* TabBarController.swift in Sources */ = {isa = PBXBuildFile; fileRef = 98D7A33925C46A4200577A39 /* TabBarController.swift */; };
		98D7A33D25C476E800577A39 /* PortfolioController.swift in Sources */ = {isa = PBXBuildFile; fileRef = 98D7A33C25C476E800577A39 /* PortfolioController.swift */; };
		98DAF55625C461CE00CC577A /* SignInController.swift in Sources */ = {isa = PBXBuildFile; fileRef = 98DAF55525C461CE00CC577A /* SignInController.swift */; };
		98F1A03B25C302E2002E614D /* AppDelegate.swift in Sources */ = {isa = PBXBuildFile; fileRef = 98F1A03A25C302E2002E614D /* AppDelegate.swift */; };
		98F1A03D25C302E2002E614D /* SceneDelegate.swift in Sources */ = {isa = PBXBuildFile; fileRef = 98F1A03C25C302E2002E614D /* SceneDelegate.swift */; };
		98F1A04225C302E2002E614D /* Main.storyboard in Resources */ = {isa = PBXBuildFile; fileRef = 98F1A04025C302E2002E614D /* Main.storyboard */; };
		98F1A04425C302E3002E614D /* Assets.xcassets in Resources */ = {isa = PBXBuildFile; fileRef = 98F1A04325C302E3002E614D /* Assets.xcassets */; };
		98F1A04725C302E3002E614D /* LaunchScreen.storyboard in Resources */ = {isa = PBXBuildFile; fileRef = 98F1A04525C302E3002E614D /* LaunchScreen.storyboard */; };
/* End PBXBuildFile section */

/* Begin PBXFileReference section */
		9812DE4625C5CB9100744D2E /* BalanceCell.swift */ = {isa = PBXFileReference; lastKnownFileType = sourcecode.swift; path = BalanceCell.swift; sourceTree = "<group>"; };
		985C43D725C7291900A43C69 /* StockController.swift */ = {isa = PBXFileReference; lastKnownFileType = sourcecode.swift; path = StockController.swift; sourceTree = "<group>"; };
		98B47A5025C5863C005708D6 /* StockCell.swift */ = {isa = PBXFileReference; lastKnownFileType = sourcecode.swift; path = StockCell.swift; sourceTree = "<group>"; };
		98D7A33925C46A4200577A39 /* TabBarController.swift */ = {isa = PBXFileReference; lastKnownFileType = sourcecode.swift; path = TabBarController.swift; sourceTree = "<group>"; };
		98D7A33C25C476E800577A39 /* PortfolioController.swift */ = {isa = PBXFileReference; lastKnownFileType = sourcecode.swift; path = PortfolioController.swift; sourceTree = "<group>"; };
		98DAF55525C461CE00CC577A /* SignInController.swift */ = {isa = PBXFileReference; lastKnownFileType = sourcecode.swift; path = SignInController.swift; sourceTree = "<group>"; };
		98F1A03725C302E2002E614D /* investing app.app */ = {isa = PBXFileReference; explicitFileType = wrapper.application; includeInIndex = 0; path = "investing app.app"; sourceTree = BUILT_PRODUCTS_DIR; };
		98F1A03A25C302E2002E614D /* AppDelegate.swift */ = {isa = PBXFileReference; lastKnownFileType = sourcecode.swift; path = AppDelegate.swift; sourceTree = "<group>"; };
		98F1A03C25C302E2002E614D /* SceneDelegate.swift */ = {isa = PBXFileReference; lastKnownFileType = sourcecode.swift; path = SceneDelegate.swift; sourceTree = "<group>"; };
		98F1A04125C302E2002E614D /* Base */ = {isa = PBXFileReference; lastKnownFileType = file.storyboard; name = Base; path = Base.lproj/Main.storyboard; sourceTree = "<group>"; };
		98F1A04325C302E3002E614D /* Assets.xcassets */ = {isa = PBXFileReference; lastKnownFileType = folder.assetcatalog; path = Assets.xcassets; sourceTree = "<group>"; };
		98F1A04625C302E3002E614D /* Base */ = {isa = PBXFileReference; lastKnownFileType = file.storyboard; name = Base; path = Base.lproj/LaunchScreen.storyboard; sourceTree = "<group>"; };
		98F1A04825C302E3002E614D /* Info.plist */ = {isa = PBXFileReference; lastKnownFileType = text.plist.xml; path = Info.plist; sourceTree = "<group>"; };
/* End PBXFileReference section */

/* Begin PBXFrameworksBuildPhase section */
		98F1A03425C302E2002E614D /* Frameworks */ = {
			isa = PBXFrameworksBuildPhase;
			buildActionMask = 2147483647;
			files = (
			);
			runOnlyForDeploymentPostprocessing = 0;
		};
/* End PBXFrameworksBuildPhase section */

/* Begin PBXGroup section */
		9812DE4825C5DDB400744D2E /* PortfolioController cells */ = {
			isa = PBXGroup;
			children = (
				9812DE4625C5CB9100744D2E /* BalanceCell.swift */,
			);
			path = "PortfolioController cells";
			sourceTree = "<group>";
		};
		9847C30025CADD2300D3AD93 /* cells */ = {
			isa = PBXGroup;
			children = (
				98B47A5025C5863C005708D6 /* StockCell.swift */,
				9812DE4825C5DDB400744D2E /* PortfolioController cells */,
			);
			path = cells;
			sourceTree = "<group>";
		};
		98D7A33B25C4722400577A39 /* Controllers */ = {
			isa = PBXGroup;
			children = (
				98DAF55525C461CE00CC577A /* SignInController.swift */,
				98D7A33925C46A4200577A39 /* TabBarController.swift */,
				98D7A33C25C476E800577A39 /* PortfolioController.swift */,
				985C43D725C7291900A43C69 /* StockController.swift */,
				9847C30025CADD2300D3AD93 /* cells */,
			);
			path = Controllers;
			sourceTree = "<group>";
		};
		98DAF55725C461F600CC577A /* Supporting files */ = {
			isa = PBXGroup;
			children = (
				98F1A03A25C302E2002E614D /* AppDelegate.swift */,
				98F1A03C25C302E2002E614D /* SceneDelegate.swift */,
				98F1A04325C302E3002E614D /* Assets.xcassets */,
				98F1A04525C302E3002E614D /* LaunchScreen.storyboard */,
			);
			path = "Supporting files";
			sourceTree = "<group>";
		};
		98F1A02E25C302E2002E614D = {
			isa = PBXGroup;
			children = (
				98F1A03925C302E2002E614D /* investing app */,
				98F1A03825C302E2002E614D /* Products */,
			);
			sourceTree = "<group>";
		};
		98F1A03825C302E2002E614D /* Products */ = {
			isa = PBXGroup;
			children = (
				98F1A03725C302E2002E614D /* investing app.app */,
			);
			name = Products;
			sourceTree = "<group>";
		};
		98F1A03925C302E2002E614D /* investing app */ = {
			isa = PBXGroup;
			children = (
				98D7A33B25C4722400577A39 /* Controllers */,
				98F1A04025C302E2002E614D /* Main.storyboard */,
				98DAF55725C461F600CC577A /* Supporting files */,
				98F1A04825C302E3002E614D /* Info.plist */,
			);
			path = "investing app";
			sourceTree = "<group>";
		};
/* End PBXGroup section */

/* Begin PBXNativeTarget section */
		98F1A03625C302E2002E614D /* investing app */ = {
			isa = PBXNativeTarget;
			buildConfigurationList = 98F1A04B25C302E3002E614D /* Build configuration list for PBXNativeTarget "investing app" */;
			buildPhases = (
				98F1A03325C302E2002E614D /* Sources */,
				98F1A03425C302E2002E614D /* Frameworks */,
				98F1A03525C302E2002E614D /* Resources */,
			);
			buildRules = (
			);
			dependencies = (
			);
			name = "investing app";
			productName = "investing app";
			productReference = 98F1A03725C302E2002E614D /* investing app.app */;
			productType = "com.apple.product-type.application";
		};
/* End PBXNativeTarget section */

/* Begin PBXProject section */
		98F1A02F25C302E2002E614D /* Project object */ = {
			isa = PBXProject;
			attributes = {
				LastSwiftUpdateCheck = 1170;
				LastUpgradeCheck = 1170;
				ORGANIZATIONNAME = Tigran;
				TargetAttributes = {
					98F1A03625C302E2002E614D = {
						CreatedOnToolsVersion = 11.7;
					};
				};
			};
			buildConfigurationList = 98F1A03225C302E2002E614D /* Build configuration list for PBXProject "investing app" */;
			compatibilityVersion = "Xcode 9.3";
			developmentRegion = en;
			hasScannedForEncodings = 0;
			knownRegions = (
				en,
				Base,
			);
			mainGroup = 98F1A02E25C302E2002E614D;
			productRefGroup = 98F1A03825C302E2002E614D /* Products */;
			projectDirPath = "";
			projectRoot = "";
			targets = (
				98F1A03625C302E2002E614D /* investing app */,
			);
		};
/* End PBXProject section */

/* Begin PBXResourcesBuildPhase section */
		98F1A03525C302E2002E614D /* Resources */ = {
			isa = PBXResourcesBuildPhase;
			buildActionMask = 2147483647;
			files = (
				98F1A04725C302E3002E614D /* LaunchScreen.storyboard in Resources */,
				98F1A04425C302E3002E614D /* Assets.xcassets in Resources */,
				98F1A04225C302E2002E614D /* Main.storyboard in Resources */,
			);
			runOnlyForDeploymentPostprocessing = 0;
		};
/* End PBXResourcesBuildPhase section */

/* Begin PBXSourcesBuildPhase section */
		98F1A03325C302E2002E614D /* Sources */ = {
			isa = PBXSourcesBuildPhase;
			buildActionMask = 2147483647;
			files = (
				985C43D825C7291900A43C69 /* StockController.swift in Sources */,
				98D7A33A25C46A4200577A39 /* TabBarController.swift in Sources */,
				98D7A33D25C476E800577A39 /* PortfolioController.swift in Sources */,
				98B47A5125C5863C005708D6 /* StockCell.swift in Sources */,
				98DAF55625C461CE00CC577A /* SignInController.swift in Sources */,
				98F1A03B25C302E2002E614D /* AppDelegate.swift in Sources */,
				9812DE4725C5CB9100744D2E /* BalanceCell.swift in Sources */,
				98F1A03D25C302E2002E614D /* SceneDelegate.swift in Sources */,
			);
			runOnlyForDeploymentPostprocessing = 0;
		};
/* End PBXSourcesBuildPhase section */

/* Begin PBXVariantGroup section */
		98F1A04025C302E2002E614D /* Main.storyboard */ = {
			isa = PBXVariantGroup;
			children = (
				98F1A04125C302E2002E614D /* Base */,
			);
			name = Main.storyboard;
			sourceTree = "<group>";
		};
		98F1A04525C302E3002E614D /* LaunchScreen.storyboard */ = {
			isa = PBXVariantGroup;
			children = (
				98F1A04625C302E3002E614D /* Base */,
			);
			name = LaunchScreen.storyboard;
			sourceTree = "<group>";
		};
/* End PBXVariantGroup section */

/* Begin XCBuildConfiguration section */
		98F1A04925C302E3002E614D /* Debug */ = {
			isa = XCBuildConfiguration;
			buildSettings = {
				ALWAYS_SEARCH_USER_PATHS = NO;
				CLANG_ANALYZER_NONNULL = YES;
				CLANG_ANALYZER_NUMBER_OBJECT_CONVERSION = YES_AGGRESSIVE;
				CLANG_CXX_LANGUAGE_STANDARD = "gnu++14";
				CLANG_CXX_LIBRARY = "libc++";
				CLANG_ENABLE_MODULES = YES;
				CLANG_ENABLE_OBJC_ARC = YES;
				CLANG_ENABLE_OBJC_WEAK = YES;
				CLANG_WARN_BLOCK_CAPTURE_AUTORELEASING = YES;
				CLANG_WARN_BOOL_CONVERSION = YES;
				CLANG_WARN_COMMA = YES;
				CLANG_WARN_CONSTANT_CONVERSION = YES;
				CLANG_WARN_DEPRECATED_OBJC_IMPLEMENTATIONS = YES;
				CLANG_WARN_DIRECT_OBJC_ISA_USAGE = YES_ERROR;
				CLANG_WARN_DOCUMENTATION_COMMENTS = YES;
				CLANG_WARN_EMPTY_BODY = YES;
				CLANG_WARN_ENUM_CONVERSION = YES;
				CLANG_WARN_INFINITE_RECURSION = YES;
				CLANG_WARN_INT_CONVERSION = YES;
				CLANG_WARN_NON_LITERAL_NULL_CONVERSION = YES;
				CLANG_WARN_OBJC_IMPLICIT_RETAIN_SELF = YES;
				CLANG_WARN_OBJC_LITERAL_CONVERSION = YES;
				CLANG_WARN_OBJC_ROOT_CLASS = YES_ERROR;
				CLANG_WARN_RANGE_LOOP_ANALYSIS = YES;
				CLANG_WARN_STRICT_PROTOTYPES = YES;
				CLANG_WARN_SUSPICIOUS_MOVE = YES;
				CLANG_WARN_UNGUARDED_AVAILABILITY = YES_AGGRESSIVE;
				CLANG_WARN_UNREACHABLE_CODE = YES;
				CLANG_WARN__DUPLICATE_METHOD_MATCH = YES;
				COPY_PHASE_STRIP = NO;
				DEBUG_INFORMATION_FORMAT = dwarf;
				ENABLE_STRICT_OBJC_MSGSEND = YES;
				ENABLE_TESTABILITY = YES;
				GCC_C_LANGUAGE_STANDARD = gnu11;
				GCC_DYNAMIC_NO_PIC = NO;
				GCC_NO_COMMON_BLOCKS = YES;
				GCC_OPTIMIZATION_LEVEL = 0;
				GCC_PREPROCESSOR_DEFINITIONS = (
					"DEBUG=1",
					"$(inherited)",
				);
				GCC_WARN_64_TO_32_BIT_CONVERSION = YES;
				GCC_WARN_ABOUT_RETURN_TYPE = YES_ERROR;
				GCC_WARN_UNDECLARED_SELECTOR = YES;
				GCC_WARN_UNINITIALIZED_AUTOS = YES_AGGRESSIVE;
				GCC_WARN_UNUSED_FUNCTION = YES;
				GCC_WARN_UNUSED_VARIABLE = YES;
				IPHONEOS_DEPLOYMENT_TARGET = 13.7;
				MTL_ENABLE_DEBUG_INFO = INCLUDE_SOURCE;
				MTL_FAST_MATH = YES;
				ONLY_ACTIVE_ARCH = YES;
				SDKROOT = iphoneos;
				SWIFT_ACTIVE_COMPILATION_CONDITIONS = DEBUG;
				SWIFT_OPTIMIZATION_LEVEL = "-Onone";
			};
			name = Debug;
		};
		98F1A04A25C302E3002E614D /* Release */ = {
			isa = XCBuildConfiguration;
			buildSettings = {
				ALWAYS_SEARCH_USER_PATHS = NO;
				CLANG_ANALYZER_NONNULL = YES;
				CLANG_ANALYZER_NUMBER_OBJECT_CONVERSION = YES_AGGRESSIVE;
				CLANG_CXX_LANGUAGE_STANDARD = "gnu++14";
				CLANG_CXX_LIBRARY = "libc++";
				CLANG_ENABLE_MODULES = YES;
				CLANG_ENABLE_OBJC_ARC = YES;
				CLANG_ENABLE_OBJC_WEAK = YES;
				CLANG_WARN_BLOCK_CAPTURE_AUTORELEASING = YES;
				CLANG_WARN_BOOL_CONVERSION = YES;
				CLANG_WARN_COMMA = YES;
				CLANG_WARN_CONSTANT_CONVERSION = YES;
				CLANG_WARN_DEPRECATED_OBJC_IMPLEMENTATIONS = YES;
				CLANG_WARN_DIRECT_OBJC_ISA_USAGE = YES_ERROR;
				CLANG_WARN_DOCUMENTATION_COMMENTS = YES;
				CLANG_WARN_EMPTY_BODY = YES;
				CLANG_WARN_ENUM_CONVERSION = YES;
				CLANG_WARN_INFINITE_RECURSION = YES;
				CLANG_WARN_INT_CONVERSION = YES;
				CLANG_WARN_NON_LITERAL_NULL_CONVERSION = YES;
				CLANG_WARN_OBJC_IMPLICIT_RETAIN_SELF = YES;
				CLANG_WARN_OBJC_LITERAL_CONVERSION = YES;
				CLANG_WARN_OBJC_ROOT_CLASS = YES_ERROR;
				CLANG_WARN_RANGE_LOOP_ANALYSIS = YES;
				CLANG_WARN_STRICT_PROTOTYPES = YES;
				CLANG_WARN_SUSPICIOUS_MOVE = YES;
				CLANG_WARN_UNGUARDED_AVAILABILITY = YES_AGGRESSIVE;
				CLANG_WARN_UNREACHABLE_CODE = YES;
				CLANG_WARN__DUPLICATE_METHOD_MATCH = YES;
				COPY_PHASE_STRIP = NO;
				DEBUG_INFORMATION_FORMAT = "dwarf-with-dsym";
				ENABLE_NS_ASSERTIONS = NO;
				ENABLE_STRICT_OBJC_MSGSEND = YES;
				GCC_C_LANGUAGE_STANDARD = gnu11;
				GCC_NO_COMMON_BLOCKS = YES;
				GCC_WARN_64_TO_32_BIT_CONVERSION = YES;
				GCC_WARN_ABOUT_RETURN_TYPE = YES_ERROR;
				GCC_WARN_UNDECLARED_SELECTOR = YES;
				GCC_WARN_UNINITIALIZED_AUTOS = YES_AGGRESSIVE;
				GCC_WARN_UNUSED_FUNCTION = YES;
				GCC_WARN_UNUSED_VARIABLE = YES;
				IPHONEOS_DEPLOYMENT_TARGET = 13.7;
				MTL_ENABLE_DEBUG_INFO = NO;
				MTL_FAST_MATH = YES;
				SDKROOT = iphoneos;
				SWIFT_COMPILATION_MODE = wholemodule;
				SWIFT_OPTIMIZATION_LEVEL = "-O";
				VALIDATE_PRODUCT = YES;
			};
			name = Release;
		};
		98F1A04C25C302E3002E614D /* Debug */ = {
			isa = XCBuildConfiguration;
			buildSettings = {
				ASSETCATALOG_COMPILER_APPICON_NAME = AppIcon;
				CODE_SIGN_STYLE = Automatic;
				INFOPLIST_FILE = "investing app/Info.plist";
				LD_RUNPATH_SEARCH_PATHS = (
					"$(inherited)",
					"@executable_path/Frameworks",
				);
				PRODUCT_BUNDLE_IDENTIFIER = "tigran.investing-app";
				PRODUCT_NAME = "$(TARGET_NAME)";
				SWIFT_VERSION = 5.0;
				TARGETED_DEVICE_FAMILY = "1,2";
			};
			name = Debug;
		};
		98F1A04D25C302E3002E614D /* Release */ = {
			isa = XCBuildConfiguration;
			buildSettings = {
				ASSETCATALOG_COMPILER_APPICON_NAME = AppIcon;
				CODE_SIGN_STYLE = Automatic;
				INFOPLIST_FILE = "investing app/Info.plist";
				LD_RUNPATH_SEARCH_PATHS = (
					"$(inherited)",
					"@executable_path/Frameworks",
				);
				PRODUCT_BUNDLE_IDENTIFIER = "tigran.investing-app";
				PRODUCT_NAME = "$(TARGET_NAME)";
				SWIFT_VERSION = 5.0;
				TARGETED_DEVICE_FAMILY = "1,2";
			};
			name = Release;
		};
/* End XCBuildConfiguration section */

/* Begin XCConfigurationList section */
		98F1A03225C302E2002E614D /* Build configuration list for PBXProject "investing app" */ = {
			isa = XCConfigurationList;
			buildConfigurations = (
				98F1A04925C302E3002E614D /* Debug */,
				98F1A04A25C302E3002E614D /* Release */,
			);
			defaultConfigurationIsVisible = 0;
			defaultConfigurationName = Release;
		};
		98F1A04B25C302E3002E614D /* Build configuration list for PBXNativeTarget "investing app" */ = {
			isa = XCConfigurationList;
			buildConfigurations = (
				98F1A04C25C302E3002E614D /* Debug */,
				98F1A04D25C302E3002E614D /* Release */,
			);
			defaultConfigurationIsVisible = 0;
			defaultConfigurationName = Release;
		};
/* End XCConfigurationList section */
	};
	rootObject = 98F1A02F25C302E2002E614D /* Project object */;
}
